{
  "name": "ckeditor5-custom-element",
  "version": "7.0.0",
  "lockfileVersion": 1,
  "requires": true,
  "dependencies": {
    "@ckeditor/ckeditor5-core": {
      "version": "19.0.0",
      "resolved": "https://registry.npmjs.org/@ckeditor/ckeditor5-core/-/ckeditor5-core-19.0.0.tgz",
      "integrity": "sha512-uzP2ytmw4Fu1YlhjBBK1nqLaTqoFUGcYmYxCzgV5sDlm3RqLjNRGqFLN2v/dvNKp/6nZYbUn8g9GD/XBzdhZng==",
      "requires": {
        "@ckeditor/ckeditor5-engine": "^19.0.0",
        "@ckeditor/ckeditor5-utils": "^19.0.0",
        "lodash-es": "^4.17.10"
      }
    },
    "@ckeditor/ckeditor5-engine": {
      "version": "19.0.0",
      "resolved": "https://registry.npmjs.org/@ckeditor/ckeditor5-engine/-/ckeditor5-engine-19.0.0.tgz",
      "integrity": "sha512-Ahgr/NKJOIwNZZ2rZZTQUO5iJkgytossmK7CrRUeyGiEol/9GmyTOXtrmqItITebZV5wMe+UVM8bR6HJD/4TJw==",
      "requires": {
        "@ckeditor/ckeditor5-utils": "^19.0.0",
        "lodash-es": "^4.17.10"
      }
    },
    "@ckeditor/ckeditor5-ui": {
      "version": "19.0.0",
      "resolved": "https://registry.npmjs.org/@ckeditor/ckeditor5-ui/-/ckeditor5-ui-19.0.0.tgz",
      "integrity": "sha512-8hdkVgqFbDSE3PyOi9rk9bbdqAjpiO7w6n1Zrm9/3gtwGLaTAg0soY/zM2QWF/oDjvzXypUK4ATSUjKC841fxQ==",
      "requires": {
        "@ckeditor/ckeditor5-core": "^19.0.0",
        "@ckeditor/ckeditor5-utils": "^19.0.0",
        "lodash-es": "^4.17.10"
      }
    },
    "@ckeditor/ckeditor5-utils": {
      "version": "19.0.0",
      "resolved": "https://registry.npmjs.org/@ckeditor/ckeditor5-utils/-/ckeditor5-utils-19.0.0.tgz",
      "integrity": "sha512-6/oTD1qi/VCj99+3rmagH0sctQcbyCU3hZ4L1xcR3+xJMAkavSLJ4vbcBrmtZDcgyW74XDnVJ84CKf9WJ4WoUw==",
      "requires": {
        "lodash-es": "^4.17.10"
      }
    },
    "@ckeditor/ckeditor5-widget": {
      "version": "19.0.0",
      "resolved": "https://registry.npmjs.org/@ckeditor/ckeditor5-widget/-/ckeditor5-widget-19.0.0.tgz",
      "integrity": "sha512-PHr+Xyxby3p8Kxt36npkfyguvcIJT7T6QrpixSmGggwv7/0JElfiAWWNY35oTYsonUGlEyINc0yNf4HqLdydgg==",
      "requires": {
        "@ckeditor/ckeditor5-core": "^19.0.0",
        "@ckeditor/ckeditor5-engine": "^19.0.0",
        "@ckeditor/ckeditor5-ui": "^19.0.0",
        "@ckeditor/ckeditor5-utils": "^19.0.0",
        "lodash-es": "^4.17.10"
      }
    },
    "lodash-es": {
      "version": "4.17.15",
      "resolved": "https://registry.npmjs.org/lodash-es/-/lodash-es-4.17.15.tgz",
      "integrity": "sha512-rlrc3yU3+JNOpZ9zj5pQtxnx2THmvRykwL4Xlxoa8I9lHBlVbbyPhgyPMioxVZ4NqyxaVVtaJnzsyOidQIhyyQ=="
    }
  }
}
