{
  "name": "ckeditor5-custom-element",
  "version": "2.0.3",
  "lockfileVersion": 1,
  "requires": true,
  "dependencies": {
    "@ckeditor/ckeditor5-core": {
      "version": "12.1.0",
      "resolved": "https://registry.npmjs.org/@ckeditor/ckeditor5-core/-/ckeditor5-core-12.1.0.tgz",
      "integrity": "sha512-6WyJjMrdtVLanJaDjnsf08NToVH6z2onZQu+R442po/JdNM7gH5vEdeKpPSNhq0bJp89dbb7V1HZdul7mG6k9Q==",
      "requires": {
        "@ckeditor/ckeditor5-engine": "^13.1.0",
        "@ckeditor/ckeditor5-utils": "^12.1.0",
        "lodash-es": "^4.17.10"
      }
    },
    "@ckeditor/ckeditor5-engine": {
      "version": "13.1.0",
      "resolved": "https://registry.npmjs.org/@ckeditor/ckeditor5-engine/-/ckeditor5-engine-13.1.0.tgz",
      "integrity": "sha512-RZ8wiS2Ymz9Yrdsd9qF9x4OhJW2PsJHaRiKPznOkELIAVIIk7b4RcAPIX9JEGbQu2Pbxn9GDYh4hQ+bHa7Qzfg==",
      "requires": {
        "@ckeditor/ckeditor5-utils": "^12.1.0",
        "lodash-es": "^4.17.10"
      }
    },
    "@ckeditor/ckeditor5-ui": {
      "version": "12.1.0",
      "resolved": "https://registry.npmjs.org/@ckeditor/ckeditor5-ui/-/ckeditor5-ui-12.1.0.tgz",
      "integrity": "sha512-RwixUS8mSUOXJfaiWBAVuVPqvqrAkX+snz2zJ+LDIdRDcqiAiK8oVeneNYoHYN3qOFqI31KK/EK38MupINMTbQ==",
      "requires": {
        "@ckeditor/ckeditor5-core": "^12.1.0",
        "@ckeditor/ckeditor5-utils": "^12.1.0",
        "lodash-es": "^4.17.10"
      }
    },
    "@ckeditor/ckeditor5-utils": {
      "version": "12.1.0",
      "resolved": "https://registry.npmjs.org/@ckeditor/ckeditor5-utils/-/ckeditor5-utils-12.1.0.tgz",
      "integrity": "sha512-RoayI8F7n6Ypyj41PVHESyDJdiVNcQq++8ebkAMyV/pwnc7eXQ88DKa1iHfnnHhQeFhIpM6bLGHWy+ANN4hoPA==",
      "requires": {
        "ckeditor5": "^12.1.0",
        "lodash-es": "^4.17.10"
      }
    },
    "@ckeditor/ckeditor5-widget": {
      "version": "11.0.1",
      "resolved": "https://registry.npmjs.org/@ckeditor/ckeditor5-widget/-/ckeditor5-widget-11.0.1.tgz",
      "integrity": "sha512-Rm/OpFLrNaHNlQ+t49eyjavdve8f/B+xIMlT8MGrd2dw1tpFqGAwTXytJIaeNZqfWKg8LMQyT0LvjFoyQFkQVA==",
      "requires": {
        "@ckeditor/ckeditor5-core": "^12.1.0",
        "@ckeditor/ckeditor5-engine": "^13.1.0",
        "@ckeditor/ckeditor5-ui": "^12.1.0",
        "@ckeditor/ckeditor5-utils": "^12.1.0"
      }
    },
    "ckeditor5": {
      "version": "12.1.0",
      "resolved": "https://registry.npmjs.org/ckeditor5/-/ckeditor5-12.1.0.tgz",
      "integrity": "sha512-uxedeLRnQld36BcuUykdhW3aDT0EqvZV/hJH6or/JsyXaGS1t1AW/f0MxuVaZhLtLgVDpyz1ialrVn2icIdWXw=="
    },
    "lodash-es": {
      "version": "4.17.11",
      "resolved": "https://registry.npmjs.org/lodash-es/-/lodash-es-4.17.11.tgz",
      "integrity": "sha512-DHb1ub+rMjjrxqlB3H56/6MXtm1lSksDp2rA2cNWjG8mlDUYFhUj3Di2Zn5IwSU87xLv8tNIQ7sSwE/YOX/D/Q=="
    }
  }
}
