{
  "name": "ckeditor5-custom-element",
  "version": "9.0.1",
  "lockfileVersion": 1,
  "requires": true,
  "dependencies": {
    "@ckeditor/ckeditor5-core": {
      "version": "36.0.1",
      "resolved": "https://registry.npmjs.org/@ckeditor/ckeditor5-core/-/ckeditor5-core-36.0.1.tgz",
      "integrity": "sha512-50O+DYXtaf4dMOn+3mGUvfYiE2qsCgVn114WQj7Tj3pZl5w+pAIv/2P+9cBB2Kb7QxgPZqZ7bvsi9wHqIJ6KCw==",
      "requires": {
        "@ckeditor/ckeditor5-engine": "^36.0.1",
        "@ckeditor/ckeditor5-utils": "^36.0.1",
        "lodash-es": "^4.17.15"
      }
    },
    "@ckeditor/ckeditor5-engine": {
      "version": "36.0.1",
      "resolved": "https://registry.npmjs.org/@ckeditor/ckeditor5-engine/-/ckeditor5-engine-36.0.1.tgz",
      "integrity": "sha512-Ze2omTguUggwiL9vvLvPk+QpjEBbIOPS1Hi/ROYlsW8QSdnPbSTv+6rCIYThqJMFeonxLZWV5XwbcqpgSAs0MA==",
      "requires": {
        "@ckeditor/ckeditor5-utils": "^36.0.1",
        "lodash-es": "^4.17.15"
      }
    },
    "@ckeditor/ckeditor5-enter": {
      "version": "36.0.1",
      "resolved": "https://registry.npmjs.org/@ckeditor/ckeditor5-enter/-/ckeditor5-enter-36.0.1.tgz",
      "integrity": "sha512-FHZ43bltDGFyihfBOTwBOgsS2mMU2ATR9xxFEKlDP+8+P1bq4e0YkC3t4PuwtHIZMvNHiFxqvmFtA2eznGS7sQ==",
      "requires": {
        "@ckeditor/ckeditor5-core": "^36.0.1",
        "@ckeditor/ckeditor5-engine": "^36.0.1"
      }
    },
    "@ckeditor/ckeditor5-typing": {
      "version": "36.0.1",
      "resolved": "https://registry.npmjs.org/@ckeditor/ckeditor5-typing/-/ckeditor5-typing-36.0.1.tgz",
      "integrity": "sha512-NwXQxNxf/LLANiiteEVaLr1ZzvJd7y6+O5a6x0Tv9Uuheu80aw2Axm3icneODt05G/XT+iJmCHzUYdEiCsHUaw==",
      "requires": {
        "@ckeditor/ckeditor5-core": "^36.0.1",
        "@ckeditor/ckeditor5-engine": "^36.0.1",
        "@ckeditor/ckeditor5-utils": "^36.0.1",
        "lodash-es": "^4.17.15"
      }
    },
    "@ckeditor/ckeditor5-ui": {
      "version": "36.0.1",
      "resolved": "https://registry.npmjs.org/@ckeditor/ckeditor5-ui/-/ckeditor5-ui-36.0.1.tgz",
      "integrity": "sha512-wPqAdXUZnEAD3XPvS5vEGU2kxzTQah3wne3B1esdlbJ7dSLZDdx8r1dyKyp3/WCpCT8G+PqGvSUrlnqcy7WI5A==",
      "requires": {
        "@ckeditor/ckeditor5-core": "^36.0.1",
        "@ckeditor/ckeditor5-utils": "^36.0.1",
        "lodash-es": "^4.17.15"
      }
    },
    "@ckeditor/ckeditor5-utils": {
      "version": "36.0.1",
      "resolved": "https://registry.npmjs.org/@ckeditor/ckeditor5-utils/-/ckeditor5-utils-36.0.1.tgz",
      "integrity": "sha512-TW/YRb0OQe88IyqRoq2xS02iXOG82NQybzMuFDnGyCaFV0hA/9ysOyWwFpxDLcPDhDgVJZIxuwvFaek9x+uCMA==",
      "requires": {
        "lodash-es": "^4.17.15"
      }
    },
    "@ckeditor/ckeditor5-widget": {
      "version": "36.0.1",
      "resolved": "https://registry.npmjs.org/@ckeditor/ckeditor5-widget/-/ckeditor5-widget-36.0.1.tgz",
      "integrity": "sha512-on92cCRYLWTfwrpnFi5z4FY7NDhY+X+p6yuYStnB9d9jM3FJi3/7y2q9ojr8fSMot4pQsXCiFXzaF6yez+77wA==",
      "requires": {
        "@ckeditor/ckeditor5-core": "^36.0.1",
        "@ckeditor/ckeditor5-engine": "^36.0.1",
        "@ckeditor/ckeditor5-enter": "^36.0.1",
        "@ckeditor/ckeditor5-typing": "^36.0.1",
        "@ckeditor/ckeditor5-ui": "^36.0.1",
        "@ckeditor/ckeditor5-utils": "^36.0.1",
        "lodash-es": "^4.17.15"
      }
    },
    "lodash-es": {
      "version": "4.17.21",
      "resolved": "https://registry.npmjs.org/lodash-es/-/lodash-es-4.17.21.tgz",
      "integrity": "sha512-mKnC+QJ9pWVzv+C4/U3rRsHapFfHvQFoFB92e52xeyGMcX6/OlIl78je1u8vePzYZSkkogMPJ2yjxxsb89cxyw=="
    }
  }
}
